
Microsoft Visual Studio Solution File, Format Version 12.00
# Visual Studio 15
VisualStudioVersion = 15.0.27428.2015
MinimumVisualStudioVersion = 10.0.40219.1
Project("{2150E333-8FDC-42A3-9474-1A3956D46DE8}") = "src", "src", "{4ABA08CC-E961-4A4C-A406-6174C5F468C4}"
EndProject
Project("{9A19103F-16F7-4668-BE54-9A1E7A4F7556}") = "Lesson01.Solution", "src\lesson01\solution\Lesson01.Solution.csproj", "{46A9FA7A-C283-471E-8796-1C70EE77EA3B}"
EndProject
Project("{2150E333-8FDC-42A3-9474-1A3956D46DE8}") = "lesson01", "lesson01", "{E9774DDA-2BB5-42C8-96B8-E64E45C668C8}"
EndProject
Project("{2150E333-8FDC-42A3-9474-1A3956D46DE8}") = "lesson02", "lesson02", "{8DAA4ADD-0808-4CE5-B9F8-1E10F1AB1A4E}"
EndProject
Project("{9A19103F-16F7-4668-BE54-9A1E7A4F7556}") = "Lesson02.Solution", "src\lesson02\solution\Lesson02.Solution.csproj", "{F37AF1A8-C949-4414-BE9E-F8B3413893C9}"
EndProject
Project("{2150E333-8FDC-42A3-9474-1A3956D46DE8}") = "lesson03", "lesson03", "{7F3B9666-6389-499E-AD8D-BB12B13DA06E}"
EndProject
Project("{2150E333-8FDC-42A3-9474-1A3956D46DE8}") = "lesson04", "lesson04", "{78AC2DB7-5E3E-4966-98D1-F5E6908E9479}"
EndProject
Project("{9A19103F-16F7-4668-BE54-9A1E7A4F7556}") = "Lesson04.Solution", "src\lesson04\solution\Lesson04.Solution.csproj", "{C82C3ACF-A307-4BBD-8F9F-CEE17BC7C365}"
EndProject
Project("{9A19103F-16F7-4668-BE54-9A1E7A4F7556}") = "Library", "src\Library\Library.csproj", "{7B169D9C-5B7E-4322-9C6B-2396995C83EC}"
EndProject
Project("{9A19103F-16F7-4668-BE54-9A1E7A4F7556}") = "Lesson01.Exercise", "src\lesson01\exercise\Lesson01.Exercise.csproj", "{61709F1C-E3B1-42CA-8E4A-D0091DD5EB3C}"
EndProject
Project("{9A19103F-16F7-4668-BE54-9A1E7A4F7556}") = "Lesson02.Exercise", "src\lesson02\exercise\Lesson02.Exercise.csproj", "{0AC7CEBE-CFA3-4C86-AC9A-3878A2E11A44}"
EndProject
Project("{9A19103F-16F7-4668-BE54-9A1E7A4F7556}") = "Lesson03.Exercise", "src\lesson03\exercise\Lesson03.Exercise\Lesson03.Exercise.csproj", "{F6F04D85-1686-44B1-82F9-D6A5AEF1943C}"
	ProjectSection(ProjectDependencies) = postProject
		{7B169D9C-5B7E-4322-9C6B-2396995C83EC} = {7B169D9C-5B7E-4322-9C6B-2396995C83EC}
	EndProjectSection
EndProject
Project("{9A19103F-16F7-4668-BE54-9A1E7A4F7556}") = "Lesson03.Solution", "src\lesson03\solution\Lesson03.Solution\Lesson03.Solution.csproj", "{F81ABBF2-83E5-42F9-8DF5-723DB00DA612}"
EndProject
Project("{FAE04EC0-301F-11D3-BF4B-00C04F79EFBC}") = "Lesson03.Exercise.Server", "src\lesson03\exercise\Lesson03.Exercise.Server\Lesson03.Exercise.Server.csproj", "{3C3095D8-D05E-4BB2-9EB6-7E7127DDE631}"
EndProject
Project("{FAE04EC0-301F-11D3-BF4B-00C04F79EFBC}") = "Lesson03.Exercise.Client", "src\lesson03\exercise\Lesson03.Exercise.Client\Lesson03.Exercise.Client.csproj", "{B061C33A-655D-4749-AB76-4FBFC0E4275E}"
EndProject
Project("{2150E333-8FDC-42A3-9474-1A3956D46DE8}") = "exercise", "exercise", "{C04F0D36-89D1-4AD2-88E9-00C7DC6E3248}"
EndProject
Project("{2150E333-8FDC-42A3-9474-1A3956D46DE8}") = "solution", "solution", "{6E3BC12A-493B-4617-A90F-CC44AA87F344}"
EndProject
Global
	GlobalSection(SolutionConfigurationPlatforms) = preSolution
		Debug|Any CPU = Debug|Any CPU
		Release|Any CPU = Release|Any CPU
	EndGlobalSection
	GlobalSection(ProjectConfigurationPlatforms) = postSolution
		{46A9FA7A-C283-471E-8796-1C70EE77EA3B}.Debug|Any CPU.ActiveCfg = Debug|Any CPU
		{46A9FA7A-C283-471E-8796-1C70EE77EA3B}.Debug|Any CPU.Build.0 = Debug|Any CPU
		{46A9FA7A-C283-471E-8796-1C70EE77EA3B}.Release|Any CPU.ActiveCfg = Release|Any CPU
		{46A9FA7A-C283-471E-8796-1C70EE77EA3B}.Release|Any CPU.Build.0 = Release|Any CPU
		{F37AF1A8-C949-4414-BE9E-F8B3413893C9}.Debug|Any CPU.ActiveCfg = Debug|Any CPU
		{F37AF1A8-C949-4414-BE9E-F8B3413893C9}.Debug|Any CPU.Build.0 = Debug|Any CPU
		{F37AF1A8-C949-4414-BE9E-F8B3413893C9}.Release|Any CPU.ActiveCfg = Release|Any CPU
		{F37AF1A8-C949-4414-BE9E-F8B3413893C9}.Release|Any CPU.Build.0 = Release|Any CPU
		{C82C3ACF-A307-4BBD-8F9F-CEE17BC7C365}.Debug|Any CPU.ActiveCfg = Debug|Any CPU
		{C82C3ACF-A307-4BBD-8F9F-CEE17BC7C365}.Debug|Any CPU.Build.0 = Debug|Any CPU
		{C82C3ACF-A307-4BBD-8F9F-CEE17BC7C365}.Release|Any CPU.ActiveCfg = Release|Any CPU
		{C82C3ACF-A307-4BBD-8F9F-CEE17BC7C365}.Release|Any CPU.Build.0 = Release|Any CPU
		{7B169D9C-5B7E-4322-9C6B-2396995C83EC}.Debug|Any CPU.ActiveCfg = Debug|Any CPU
		{7B169D9C-5B7E-4322-9C6B-2396995C83EC}.Debug|Any CPU.Build.0 = Debug|Any CPU
		{7B169D9C-5B7E-4322-9C6B-2396995C83EC}.Release|Any CPU.ActiveCfg = Release|Any CPU
		{7B169D9C-5B7E-4322-9C6B-2396995C83EC}.Release|Any CPU.Build.0 = Release|Any CPU
		{61709F1C-E3B1-42CA-8E4A-D0091DD5EB3C}.Debug|Any CPU.ActiveCfg = Debug|Any CPU
		{61709F1C-E3B1-42CA-8E4A-D0091DD5EB3C}.Debug|Any CPU.Build.0 = Debug|Any CPU
		{61709F1C-E3B1-42CA-8E4A-D0091DD5EB3C}.Release|Any CPU.ActiveCfg = Release|Any CPU
		{61709F1C-E3B1-42CA-8E4A-D0091DD5EB3C}.Release|Any CPU.Build.0 = Release|Any CPU
		{0AC7CEBE-CFA3-4C86-AC9A-3878A2E11A44}.Debug|Any CPU.ActiveCfg = Debug|Any CPU
		{0AC7CEBE-CFA3-4C86-AC9A-3878A2E11A44}.Debug|Any CPU.Build.0 = Debug|Any CPU
		{0AC7CEBE-CFA3-4C86-AC9A-3878A2E11A44}.Release|Any CPU.ActiveCfg = Release|Any CPU
		{0AC7CEBE-CFA3-4C86-AC9A-3878A2E11A44}.Release|Any CPU.Build.0 = Release|Any CPU
		{F6F04D85-1686-44B1-82F9-D6A5AEF1943C}.Debug|Any CPU.ActiveCfg = Debug|Any CPU
		{F6F04D85-1686-44B1-82F9-D6A5AEF1943C}.Debug|Any CPU.Build.0 = Debug|Any CPU
		{F6F04D85-1686-44B1-82F9-D6A5AEF1943C}.Release|Any CPU.ActiveCfg = Release|Any CPU
		{F6F04D85-1686-44B1-82F9-D6A5AEF1943C}.Release|Any CPU.Build.0 = Release|Any CPU
		{F81ABBF2-83E5-42F9-8DF5-723DB00DA612}.Debug|Any CPU.ActiveCfg = Debug|Any CPU
		{F81ABBF2-83E5-42F9-8DF5-723DB00DA612}.Debug|Any CPU.Build.0 = Debug|Any CPU
		{F81ABBF2-83E5-42F9-8DF5-723DB00DA612}.Release|Any CPU.ActiveCfg = Release|Any CPU
		{F81ABBF2-83E5-42F9-8DF5-723DB00DA612}.Release|Any CPU.Build.0 = Release|Any CPU
		{3C3095D8-D05E-4BB2-9EB6-7E7127DDE631}.Debug|Any CPU.ActiveCfg = Debug|Any CPU
		{3C3095D8-D05E-4BB2-9EB6-7E7127DDE631}.Debug|Any CPU.Build.0 = Debug|Any CPU
		{3C3095D8-D05E-4BB2-9EB6-7E7127DDE631}.Release|Any CPU.ActiveCfg = Release|Any CPU
		{3C3095D8-D05E-4BB2-9EB6-7E7127DDE631}.Release|Any CPU.Build.0 = Release|Any CPU
		{B061C33A-655D-4749-AB76-4FBFC0E4275E}.Debug|Any CPU.ActiveCfg = Debug|Any CPU
		{B061C33A-655D-4749-AB76-4FBFC0E4275E}.Debug|Any CPU.Build.0 = Debug|Any CPU
		{B061C33A-655D-4749-AB76-4FBFC0E4275E}.Release|Any CPU.ActiveCfg = Release|Any CPU
		{B061C33A-655D-4749-AB76-4FBFC0E4275E}.Release|Any CPU.Build.0 = Release|Any CPU
	EndGlobalSection
	GlobalSection(SolutionProperties) = preSolution
		HideSolutionNode = FALSE
	EndGlobalSection
	GlobalSection(NestedProjects) = preSolution
		{46A9FA7A-C283-471E-8796-1C70EE77EA3B} = {E9774DDA-2BB5-42C8-96B8-E64E45C668C8}
		{E9774DDA-2BB5-42C8-96B8-E64E45C668C8} = {4ABA08CC-E961-4A4C-A406-6174C5F468C4}
		{8DAA4ADD-0808-4CE5-B9F8-1E10F1AB1A4E} = {4ABA08CC-E961-4A4C-A406-6174C5F468C4}
		{F37AF1A8-C949-4414-BE9E-F8B3413893C9} = {8DAA4ADD-0808-4CE5-B9F8-1E10F1AB1A4E}
		{7F3B9666-6389-499E-AD8D-BB12B13DA06E} = {4ABA08CC-E961-4A4C-A406-6174C5F468C4}
		{78AC2DB7-5E3E-4966-98D1-F5E6908E9479} = {4ABA08CC-E961-4A4C-A406-6174C5F468C4}
		{C82C3ACF-A307-4BBD-8F9F-CEE17BC7C365} = {78AC2DB7-5E3E-4966-98D1-F5E6908E9479}
		{7B169D9C-5B7E-4322-9C6B-2396995C83EC} = {4ABA08CC-E961-4A4C-A406-6174C5F468C4}
		{61709F1C-E3B1-42CA-8E4A-D0091DD5EB3C} = {E9774DDA-2BB5-42C8-96B8-E64E45C668C8}
		{0AC7CEBE-CFA3-4C86-AC9A-3878A2E11A44} = {8DAA4ADD-0808-4CE5-B9F8-1E10F1AB1A4E}
		{F6F04D85-1686-44B1-82F9-D6A5AEF1943C} = {7F3B9666-6389-499E-AD8D-BB12B13DA06E}
		{F81ABBF2-83E5-42F9-8DF5-723DB00DA612} = {7F3B9666-6389-499E-AD8D-BB12B13DA06E}
		{3C3095D8-D05E-4BB2-9EB6-7E7127DDE631} = {C04F0D36-89D1-4AD2-88E9-00C7DC6E3248}
		{B061C33A-655D-4749-AB76-4FBFC0E4275E} = {C04F0D36-89D1-4AD2-88E9-00C7DC6E3248}
		{C04F0D36-89D1-4AD2-88E9-00C7DC6E3248} = {7F3B9666-6389-499E-AD8D-BB12B13DA06E}
		{6E3BC12A-493B-4617-A90F-CC44AA87F344} = {7F3B9666-6389-499E-AD8D-BB12B13DA06E}
	EndGlobalSection
	GlobalSection(ExtensibilityGlobals) = postSolution
		SolutionGuid = {DDF82508-05E5-4BAB-976F-6080B148D759}
	EndGlobalSection
EndGlobal
