
Microsoft Visual Studio Solution File, Format Version 12.00
# Visual Studio 15
VisualStudioVersion = 15.0.27428.2015
MinimumVisualStudioVersion = 10.0.40219.1
Project("{2150E333-8FDC-42A3-9474-1A3956D46DE8}") = "src", "src", "{4ABA08CC-E961-4A4C-A406-6174C5F468C4}"
EndProject
Project("{9A19103F-16F7-4668-BE54-9A1E7A4F7556}") = "Lesson01.Solution", "src\lesson01\solution\Lesson01.Solution.csproj", "{46A9FA7A-C283-471E-8796-1C70EE77EA3B}"
EndProject
Project("{2150E333-8FDC-42A3-9474-1A3956D46DE8}") = "lesson01", "lesson01", "{E9774DDA-2BB5-42C8-96B8-E64E45C668C8}"
EndProject
Project("{2150E333-8FDC-42A3-9474-1A3956D46DE8}") = "lesson02", "lesson02", "{8DAA4ADD-0808-4CE5-B9F8-1E10F1AB1A4E}"
EndProject
Project("{9A19103F-16F7-4668-BE54-9A1E7A4F7556}") = "Lesson02.Solution", "src\lesson02\solution\Lesson02.Solution.csproj", "{F37AF1A8-C949-4414-BE9E-F8B3413893C9}"
EndProject
Project("{2150E333-8FDC-42A3-9474-1A3956D46DE8}") = "lesson03", "lesson03", "{7F3B9666-6389-499E-AD8D-BB12B13DA06E}"
EndProject
Project("{2150E333-8FDC-42A3-9474-1A3956D46DE8}") = "lesson04", "lesson04", "{78AC2DB7-5E3E-4966-98D1-F5E6908E9479}"
EndProject
Project("{9A19103F-16F7-4668-BE54-9A1E7A4F7556}") = "Library", "src\Library\Library.csproj", "{7B169D9C-5B7E-4322-9C6B-2396995C83EC}"
EndProject
Project("{9A19103F-16F7-4668-BE54-9A1E7A4F7556}") = "Lesson01.Exercise", "src\lesson01\exercise\Lesson01.Exercise.csproj", "{61709F1C-E3B1-42CA-8E4A-D0091DD5EB3C}"
EndProject
Project("{9A19103F-16F7-4668-BE54-9A1E7A4F7556}") = "Lesson02.Exercise", "src\lesson02\exercise\Lesson02.Exercise.csproj", "{0AC7CEBE-CFA3-4C86-AC9A-3878A2E11A44}"
EndProject
Project("{2150E333-8FDC-42A3-9474-1A3956D46DE8}") = "exercise", "exercise", "{C04F0D36-89D1-4AD2-88E9-00C7DC6E3248}"
EndProject
Project("{2150E333-8FDC-42A3-9474-1A3956D46DE8}") = "solution", "solution", "{6E3BC12A-493B-4617-A90F-CC44AA87F344}"
EndProject
Project("{9A19103F-16F7-4668-BE54-9A1E7A4F7556}") = "Lesson03.Solution.Client", "src\lesson03\solution\Lesson03.Solution.Client\Lesson03.Solution.Client.csproj", "{14186A12-AC46-4D25-A07A-3ED9EA1CF01A}"
EndProject
Project("{9A19103F-16F7-4668-BE54-9A1E7A4F7556}") = "Lesson03.Solution.Server", "src\lesson03\solution\Lesson03.Solution.Server\Lesson03.Solution.Server.csproj", "{EA4C944B-9060-4D61-8867-A61D42CB567E}"
EndProject
Project("{2150E333-8FDC-42A3-9474-1A3956D46DE8}") = "solution", "solution", "{D520229F-9DAA-4C23-BCDA-3446BD689800}"
EndProject
Project("{2150E333-8FDC-42A3-9474-1A3956D46DE8}") = "exercise", "exercise", "{10411ABC-FEE9-44D3-8E7A-C4A8BA34ECE4}"
EndProject
Project("{9A19103F-16F7-4668-BE54-9A1E7A4F7556}") = "Lesson04.Solution.Client", "src\lesson04\solution\Lesson04.Solution.Client\Lesson04.Solution.Client.csproj", "{7559050B-6699-4D6D-AF89-44D7CEA3A1DA}"
EndProject
Project("{9A19103F-16F7-4668-BE54-9A1E7A4F7556}") = "Lesson04.Solution.Server", "src\lesson04\solution\Lesson04.Solution.Server\Lesson04.Solution.Server.csproj", "{810DFF11-E9DE-4F91-8363-4B83A28EBBD5}"
EndProject
Global
	GlobalSection(SolutionConfigurationPlatforms) = preSolution
		Debug|Any CPU = Debug|Any CPU
		Release|Any CPU = Release|Any CPU
	EndGlobalSection
	GlobalSection(ProjectConfigurationPlatforms) = postSolution
		{46A9FA7A-C283-471E-8796-1C70EE77EA3B}.Debug|Any CPU.ActiveCfg = Debug|Any CPU
		{46A9FA7A-C283-471E-8796-1C70EE77EA3B}.Debug|Any CPU.Build.0 = Debug|Any CPU
		{46A9FA7A-C283-471E-8796-1C70EE77EA3B}.Release|Any CPU.ActiveCfg = Release|Any CPU
		{46A9FA7A-C283-471E-8796-1C70EE77EA3B}.Release|Any CPU.Build.0 = Release|Any CPU
		{F37AF1A8-C949-4414-BE9E-F8B3413893C9}.Debug|Any CPU.ActiveCfg = Debug|Any CPU
		{F37AF1A8-C949-4414-BE9E-F8B3413893C9}.Debug|Any CPU.Build.0 = Debug|Any CPU
		{F37AF1A8-C949-4414-BE9E-F8B3413893C9}.Release|Any CPU.ActiveCfg = Release|Any CPU
		{F37AF1A8-C949-4414-BE9E-F8B3413893C9}.Release|Any CPU.Build.0 = Release|Any CPU
		{7B169D9C-5B7E-4322-9C6B-2396995C83EC}.Debug|Any CPU.ActiveCfg = Debug|Any CPU
		{7B169D9C-5B7E-4322-9C6B-2396995C83EC}.Debug|Any CPU.Build.0 = Debug|Any CPU
		{7B169D9C-5B7E-4322-9C6B-2396995C83EC}.Release|Any CPU.ActiveCfg = Release|Any CPU
		{7B169D9C-5B7E-4322-9C6B-2396995C83EC}.Release|Any CPU.Build.0 = Release|Any CPU
		{61709F1C-E3B1-42CA-8E4A-D0091DD5EB3C}.Debug|Any CPU.ActiveCfg = Debug|Any CPU
		{61709F1C-E3B1-42CA-8E4A-D0091DD5EB3C}.Debug|Any CPU.Build.0 = Debug|Any CPU
		{61709F1C-E3B1-42CA-8E4A-D0091DD5EB3C}.Release|Any CPU.ActiveCfg = Release|Any CPU
		{61709F1C-E3B1-42CA-8E4A-D0091DD5EB3C}.Release|Any CPU.Build.0 = Release|Any CPU
		{0AC7CEBE-CFA3-4C86-AC9A-3878A2E11A44}.Debug|Any CPU.ActiveCfg = Debug|Any CPU
		{0AC7CEBE-CFA3-4C86-AC9A-3878A2E11A44}.Debug|Any CPU.Build.0 = Debug|Any CPU
		{0AC7CEBE-CFA3-4C86-AC9A-3878A2E11A44}.Release|Any CPU.ActiveCfg = Release|Any CPU
		{0AC7CEBE-CFA3-4C86-AC9A-3878A2E11A44}.Release|Any CPU.Build.0 = Release|Any CPU
		{14186A12-AC46-4D25-A07A-3ED9EA1CF01A}.Debug|Any CPU.ActiveCfg = Debug|Any CPU
		{14186A12-AC46-4D25-A07A-3ED9EA1CF01A}.Debug|Any CPU.Build.0 = Debug|Any CPU
		{14186A12-AC46-4D25-A07A-3ED9EA1CF01A}.Release|Any CPU.ActiveCfg = Release|Any CPU
		{14186A12-AC46-4D25-A07A-3ED9EA1CF01A}.Release|Any CPU.Build.0 = Release|Any CPU
		{EA4C944B-9060-4D61-8867-A61D42CB567E}.Debug|Any CPU.ActiveCfg = Debug|Any CPU
		{EA4C944B-9060-4D61-8867-A61D42CB567E}.Debug|Any CPU.Build.0 = Debug|Any CPU
		{EA4C944B-9060-4D61-8867-A61D42CB567E}.Release|Any CPU.ActiveCfg = Release|Any CPU
		{EA4C944B-9060-4D61-8867-A61D42CB567E}.Release|Any CPU.Build.0 = Release|Any CPU
		{7559050B-6699-4D6D-AF89-44D7CEA3A1DA}.Debug|Any CPU.ActiveCfg = Debug|Any CPU
		{7559050B-6699-4D6D-AF89-44D7CEA3A1DA}.Debug|Any CPU.Build.0 = Debug|Any CPU
		{7559050B-6699-4D6D-AF89-44D7CEA3A1DA}.Release|Any CPU.ActiveCfg = Release|Any CPU
		{7559050B-6699-4D6D-AF89-44D7CEA3A1DA}.Release|Any CPU.Build.0 = Release|Any CPU
		{810DFF11-E9DE-4F91-8363-4B83A28EBBD5}.Debug|Any CPU.ActiveCfg = Debug|Any CPU
		{810DFF11-E9DE-4F91-8363-4B83A28EBBD5}.Debug|Any CPU.Build.0 = Debug|Any CPU
		{810DFF11-E9DE-4F91-8363-4B83A28EBBD5}.Release|Any CPU.ActiveCfg = Release|Any CPU
		{810DFF11-E9DE-4F91-8363-4B83A28EBBD5}.Release|Any CPU.Build.0 = Release|Any CPU
	EndGlobalSection
	GlobalSection(SolutionProperties) = preSolution
		HideSolutionNode = FALSE
	EndGlobalSection
	GlobalSection(NestedProjects) = preSolution
		{46A9FA7A-C283-471E-8796-1C70EE77EA3B} = {E9774DDA-2BB5-42C8-96B8-E64E45C668C8}
		{E9774DDA-2BB5-42C8-96B8-E64E45C668C8} = {4ABA08CC-E961-4A4C-A406-6174C5F468C4}
		{8DAA4ADD-0808-4CE5-B9F8-1E10F1AB1A4E} = {4ABA08CC-E961-4A4C-A406-6174C5F468C4}
		{F37AF1A8-C949-4414-BE9E-F8B3413893C9} = {8DAA4ADD-0808-4CE5-B9F8-1E10F1AB1A4E}
		{7F3B9666-6389-499E-AD8D-BB12B13DA06E} = {4ABA08CC-E961-4A4C-A406-6174C5F468C4}
		{78AC2DB7-5E3E-4966-98D1-F5E6908E9479} = {4ABA08CC-E961-4A4C-A406-6174C5F468C4}
		{7B169D9C-5B7E-4322-9C6B-2396995C83EC} = {4ABA08CC-E961-4A4C-A406-6174C5F468C4}
		{61709F1C-E3B1-42CA-8E4A-D0091DD5EB3C} = {E9774DDA-2BB5-42C8-96B8-E64E45C668C8}
		{0AC7CEBE-CFA3-4C86-AC9A-3878A2E11A44} = {8DAA4ADD-0808-4CE5-B9F8-1E10F1AB1A4E}
		{C04F0D36-89D1-4AD2-88E9-00C7DC6E3248} = {7F3B9666-6389-499E-AD8D-BB12B13DA06E}
		{6E3BC12A-493B-4617-A90F-CC44AA87F344} = {7F3B9666-6389-499E-AD8D-BB12B13DA06E}
		{14186A12-AC46-4D25-A07A-3ED9EA1CF01A} = {6E3BC12A-493B-4617-A90F-CC44AA87F344}
		{EA4C944B-9060-4D61-8867-A61D42CB567E} = {6E3BC12A-493B-4617-A90F-CC44AA87F344}
		{D520229F-9DAA-4C23-BCDA-3446BD689800} = {78AC2DB7-5E3E-4966-98D1-F5E6908E9479}
		{10411ABC-FEE9-44D3-8E7A-C4A8BA34ECE4} = {78AC2DB7-5E3E-4966-98D1-F5E6908E9479}
		{7559050B-6699-4D6D-AF89-44D7CEA3A1DA} = {D520229F-9DAA-4C23-BCDA-3446BD689800}
		{810DFF11-E9DE-4F91-8363-4B83A28EBBD5} = {D520229F-9DAA-4C23-BCDA-3446BD689800}
	EndGlobalSection
	GlobalSection(ExtensibilityGlobals) = postSolution
		SolutionGuid = {DDF82508-05E5-4BAB-976F-6080B148D759}
	EndGlobalSection
EndGlobal
