# This file is autogenerated, do not edit; changes may be undone by the next 'dep ensure'.


[[projects]]
  name = "github.com/apache/thrift"
  packages = ["lib/go/thrift"]
  revision = "b2a4d4ae21c789b689dd162deb819665567f481c"
  version = "0.10.0"

[[projects]]
  name = "github.com/codahale/hdrhistogram"
  packages = ["."]
  revision = "f8ad88b59a584afeee9d334eff879b104439117b"

[[projects]]
  name = "github.com/opentracing/opentracing-go"
  packages = [".","ext","log"]
  revision = "1949ddbfd147afd4d964a9f00b24eb291e0e7c38"
  version = "v1.0.2"

[[projects]]
  name = "github.com/uber/jaeger-client-go"
  packages = [".","config","internal/spanlog","log","rpcmetrics","thrift-gen/agent","thrift-gen/jaeger","thrift-gen/sampling","thrift-gen/zipkincore","utils"]
  revision = "3e3870040def0ebdaf65a003863fa64f5cb26139"
  version = "v2.9.0"

[[projects]]
  name = "github.com/uber/jaeger-lib"
  packages = ["metrics"]
  revision = "3b2a9ad2a045881ab7a0f81d465be54c8292ee4f"
  version = "v1.1.0"

[[projects]]
  name = "golang.org/x/net"
  packages = ["context"]
  revision = "3b993948b6f0e651ffb58ba135d8538a68b1cddf"

[solve-meta]
  analyzer-name = "dep"
  analyzer-version = 1
  inputs-digest = "f77c4d303d0352386fbc06e154d8cb3aee8da3588bdf039647791f57709a20fc"
  solver-name = "gps-cdcl"
  solver-version = 1
